
Microsoft Visual Studio Solution File, Format Version 12.00
# Visual Studio Version 17
VisualStudioVersion = 17.4.33110.190
MinimumVisualStudioVersion = 10.0.40219.1
Project("{FAE04EC0-301F-11D3-BF4B-00C04F79EFBC}") = "EX4", "EX4\EX4.csproj", "{26F72276-329D-4CD2-AB4C-1EC6839F658E}"
EndProject
Global
	GlobalSection(SolutionConfigurationPlatforms) = preSolution
		Debug|Any CPU = Debug|Any CPU
		Release|Any CPU = Release|Any CPU
	EndGlobalSection
	GlobalSection(ProjectConfigurationPlatforms) = postSolution
		{26F72276-329D-4CD2-AB4C-1EC6839F658E}.Debug|Any CPU.ActiveCfg = Debug|Any CPU
		{26F72276-329D-4CD2-AB4C-1EC6839F658E}.Debug|Any CPU.Build.0 = Debug|Any CPU
		{26F72276-329D-4CD2-AB4C-1EC6839F658E}.Release|Any CPU.ActiveCfg = Release|Any CPU
		{26F72276-329D-4CD2-AB4C-1EC6839F658E}.Release|Any CPU.Build.0 = Release|Any CPU
	EndGlobalSection
	GlobalSection(SolutionProperties) = preSolution
		HideSolutionNode = FALSE
	EndGlobalSection
	GlobalSection(ExtensibilityGlobals) = postSolution
		SolutionGuid = {F5183CCB-0528-41FC-9B94-F75EC95FAB8D}
	EndGlobalSection
EndGlobal
