
Microsoft Visual Studio Solution File, Format Version 12.00
# Visual Studio Version 17
VisualStudioVersion = 17.4.33110.190
MinimumVisualStudioVersion = 10.0.40219.1
Project("{FAE04EC0-301F-11D3-BF4B-00C04F79EFBC}") = "EX2", "EX2\EX2.csproj", "{082948A5-501E-47F0-8CBA-73F4F39B298D}"
EndProject
Global
	GlobalSection(SolutionConfigurationPlatforms) = preSolution
		Debug|Any CPU = Debug|Any CPU
		Release|Any CPU = Release|Any CPU
	EndGlobalSection
	GlobalSection(ProjectConfigurationPlatforms) = postSolution
		{082948A5-501E-47F0-8CBA-73F4F39B298D}.Debug|Any CPU.ActiveCfg = Debug|Any CPU
		{082948A5-501E-47F0-8CBA-73F4F39B298D}.Debug|Any CPU.Build.0 = Debug|Any CPU
		{082948A5-501E-47F0-8CBA-73F4F39B298D}.Release|Any CPU.ActiveCfg = Release|Any CPU
		{082948A5-501E-47F0-8CBA-73F4F39B298D}.Release|Any CPU.Build.0 = Release|Any CPU
	EndGlobalSection
	GlobalSection(SolutionProperties) = preSolution
		HideSolutionNode = FALSE
	EndGlobalSection
	GlobalSection(ExtensibilityGlobals) = postSolution
		SolutionGuid = {2F5165A6-1154-478C-80F6-B464F2BE23A2}
	EndGlobalSection
EndGlobal
